lockfileVersion: '9.0'

settings:
  autoInstallPeers: true
  excludeLinksFromLockfile: false

importers:

  .:
    devDependencies:
      gpt-tokenizer:
        specifier: ^4.0.0
        version: 4.0.0

packages:

  gpt-tokenizer@4.0.0:
    resolution: {integrity: sha512-YAWIyzvuVUHEfW7tFfFAxH8qQb+Q3RU9nYOTy7skMNX5qzU6Q8jxTHZLyO56ug1vYvCR7wndzpd3jwD86/mhjQ==}

snapshots:

  gpt-tokenizer@4.0.0: {}
